
Microsoft Visual Studio Solution File, Format Version 12.00
# Visual Studio 15
VisualStudioVersion = 15.0.27128.1
MinimumVisualStudioVersion = 10.0.40219.1
Project("{9A19103F-16F7-4668-BE54-9A1E7A4F7556}") = "ObjectDetection", "..\..\..\..\..\cognitive-services-dotnet-sdk-samples\CustomVision\ObjectDetection\ObjectDetection.csproj", "{537E24A9-B6CC-4A8E-A597-8D03E994246B}"
EndProject
Global
	GlobalSection(SolutionConfigurationPlatforms) = preSolution
		Debug|Any CPU = Debug|Any CPU
		Release|Any CPU = Release|Any CPU
	EndGlobalSection
	GlobalSection(ProjectConfigurationPlatforms) = postSolution
		{537E24A9-B6CC-4A8E-A597-8D03E994246B}.Debug|Any CPU.ActiveCfg = Debug|Any CPU
		{537E24A9-B6CC-4A8E-A597-8D03E994246B}.Debug|Any CPU.Build.0 = Debug|Any CPU
		{537E24A9-B6CC-4A8E-A597-8D03E994246B}.Release|Any CPU.ActiveCfg = Release|Any CPU
		{537E24A9-B6CC-4A8E-A597-8D03E994246B}.Release|Any CPU.Build.0 = Release|Any CPU
	EndGlobalSection
	GlobalSection(SolutionProperties) = preSolution
		HideSolutionNode = FALSE
	EndGlobalSection
	GlobalSection(ExtensibilityGlobals) = postSolution
		SolutionGuid = {A52A27FE-5ED5-4603-A73F-F4AAE1E71CAA}
	EndGlobalSection
EndGlobal
