
Microsoft Visual Studio Solution File, Format Version 12.00
# Visual Studio 15
VisualStudioVersion = 15.0.27428.2002
MinimumVisualStudioVersion = 10.0.40219.1
Project("{FAE04EC0-301F-11D3-BF4B-00C04F79EFBC}") = "PictureBot", "PictureBot\PictureBot.csproj", "{5EF5B5C0-DA80-4DE7-AB93-12D9ABD86EBC}"
EndProject
Global
	GlobalSection(SolutionConfigurationPlatforms) = preSolution
		Debug|Any CPU = Debug|Any CPU
		Release|Any CPU = Release|Any CPU
	EndGlobalSection
	GlobalSection(ProjectConfigurationPlatforms) = postSolution
		{5EF5B5C0-DA80-4DE7-AB93-12D9ABD86EBC}.Debug|Any CPU.ActiveCfg = Debug|Any CPU
		{5EF5B5C0-DA80-4DE7-AB93-12D9ABD86EBC}.Debug|Any CPU.Build.0 = Debug|Any CPU
		{5EF5B5C0-DA80-4DE7-AB93-12D9ABD86EBC}.Release|Any CPU.ActiveCfg = Release|Any CPU
		{5EF5B5C0-DA80-4DE7-AB93-12D9ABD86EBC}.Release|Any CPU.Build.0 = Release|Any CPU
	EndGlobalSection
	GlobalSection(SolutionProperties) = preSolution
		HideSolutionNode = FALSE
	EndGlobalSection
	GlobalSection(ExtensibilityGlobals) = postSolution
		SolutionGuid = {D89FCB90-504B-4519-9DBB-377461E61554}
	EndGlobalSection
EndGlobal
